
Microsoft Visual Studio Solution File, Format Version 12.00
# Visual Studio 15
VisualStudioVersion = 15.0.27703.2035
MinimumVisualStudioVersion = 10.0.40219.1
Project("{FAE04EC0-301F-11D3-BF4B-00C04F79EFBC}") = "TickingBoxes", "TickingBoxes\TickingBoxes.csproj", "{F6BBC50F-775C-4C06-881F-8740EB67BE7C}"
EndProject
Global
	GlobalSection(SolutionConfigurationPlatforms) = preSolution
		Debug|Any CPU = Debug|Any CPU
		Release|Any CPU = Release|Any CPU
	EndGlobalSection
	GlobalSection(ProjectConfigurationPlatforms) = postSolution
		{F6BBC50F-775C-4C06-881F-8740EB67BE7C}.Debug|Any CPU.ActiveCfg = Debug|Any CPU
		{F6BBC50F-775C-4C06-881F-8740EB67BE7C}.Debug|Any CPU.Build.0 = Debug|Any CPU
		{F6BBC50F-775C-4C06-881F-8740EB67BE7C}.Release|Any CPU.ActiveCfg = Release|Any CPU
		{F6BBC50F-775C-4C06-881F-8740EB67BE7C}.Release|Any CPU.Build.0 = Release|Any CPU
	EndGlobalSection
	GlobalSection(SolutionProperties) = preSolution
		HideSolutionNode = FALSE
	EndGlobalSection
	GlobalSection(ExtensibilityGlobals) = postSolution
		SolutionGuid = {DB0F19DD-D3B3-4298-9217-8D75C1357DAD}
	EndGlobalSection
EndGlobal
